// !$*UTF8*$!
{
	archiveVersion = 1;
	classes = {
	};
	objectVersion = 54;
	objects = {

/* Begin PBXBuildFile section */
		00E356F31AD99517003FC87E /* EGScoopTests.m in Sources */ = {isa = PBXBuildFile; fileRef = 00E356F21AD99517003FC87E /* EGScoopTests.m */; };
		0C80B921A6F3F58F76C31292 /* libPods-EGScoop.a in Frameworks */ = {isa = PBXBuildFile; fileRef = 5DCACB8F33CDC322A6C60F78 /* libPods-EGScoop.a */; };
		13B07FBC1A68108700A75B9A /* AppDelegate.mm in Sources */ = {isa = PBXBuildFile; fileRef = 13B07FB01A68108700A75B9A /* AppDelegate.mm */; };
		13B07FBF1A68108700A75B9A /* Images.xcassets in Resources */ = {isa = PBXBuildFile; fileRef = 13B07FB51A68108700A75B9A /* Images.xcassets */; };
		13B07FC11A68108700A75B9A /* main.m in Sources */ = {isa = PBXBuildFile; fileRef = 13B07FB71A68108700A75B9A /* main.m */; };
		7699B88040F8A987B510C191 /* libPods-EGScoop-EGScoopTests.a in Frameworks */ = {isa = PBXBuildFile; fileRef = 19F6CBCC0A4E27FBF8BF4A61 /* libPods-EGScoop-EGScoopTests.a */; };
		81AB9BB82411601600AC10FF /* LaunchScreen.storyboard in Resources */ = {isa = PBXBuildFile; fileRef = 81AB9BB72411601600AC10FF /* LaunchScreen.storyboard */; };
		ABE02E65043F41D69D3664CE /* app_icons.ttf in Resources */ = {isa = PBXBuildFile; fileRef = EC79A31A880141588D62FD30 /* app_icons.ttf */; };
		718C3A071D884C3B8A221A8D /* Poppins-Black.ttf in Resources */ = {isa = PBXBuildFile; fileRef = 06020DD8269C46A598853075 /* Poppins-Black.ttf */; };
		FD6BE846345A447A9DE84D6B /* Poppins-Bold.ttf in Resources */ = {isa = PBXBuildFile; fileRef = 81FF342AA80E465884866490 /* Poppins-Bold.ttf */; };
		EBEDE2FDF11F45BEB55ACCCE /* Poppins-ExtraBold.ttf in Resources */ = {isa = PBXBuildFile; fileRef = FC78CB7C64864ED5BB6FC144 /* Poppins-ExtraBold.ttf */; };
		3A1E125A9BD04545A892DF25 /* Poppins-ExtraLight.ttf in Resources */ = {isa = PBXBuildFile; fileRef = 69C147971404453EA42FD788 /* Poppins-ExtraLight.ttf */; };
		A4F1DD412EF043A6BA3B7DCC /* Poppins-Light.ttf in Resources */ = {isa = PBXBuildFile; fileRef = 2655C7B76AC94A4180BEC696 /* Poppins-Light.ttf */; };
		25C74DC664EE43DA997119B5 /* Poppins-Medium.ttf in Resources */ = {isa = PBXBuildFile; fileRef = 3960DD84EF844466914F9066 /* Poppins-Medium.ttf */; };
		432DCB9F8CF14546A2E92ECB /* Poppins-Regular.ttf in Resources */ = {isa = PBXBuildFile; fileRef = A7FB683E695F4806A2AFD3D9 /* Poppins-Regular.ttf */; };
		B9050E9AE2F24D81B296908A /* Poppins-SemiBold.ttf in Resources */ = {isa = PBXBuildFile; fileRef = 86A08FE9CAC04C09BC5793EC /* Poppins-SemiBold.ttf */; };
		888E196701A04CAE85E37425 /* Poppins-Thin.ttf in Resources */ = {isa = PBXBuildFile; fileRef = D0869DFFBDD14877ACB77609 /* Poppins-Thin.ttf */; };
		9D8FE1C97E7F4170A4E62A2F /* amazonpay.png in Resources */ = {isa = PBXBuildFile; fileRef = DAE6C093331D4422A2640278 /* amazonpay.png */; };
		0DB06AD763F54C64B03363F8 /* applepay.png in Resources */ = {isa = PBXBuildFile; fileRef = B6399B46C8CD48848C0E774D /* applepay.png */; };
		69BCA465829C481F984B1ACC /* avatar.png in Resources */ = {isa = PBXBuildFile; fileRef = 8CD7B06522EC410EBD60277A /* avatar.png */; };
		1C8098F3BD054296ABBBD7C2 /* gpay.png in Resources */ = {isa = PBXBuildFile; fileRef = 5EFC5D9A6C3C43F9B9C9986A /* gpay.png */; };
		A03AF2EE153D4B4BB023F0F9 /* americano_pic_1_portrait.png in Resources */ = {isa = PBXBuildFile; fileRef = 7FDF4171236448B6B752EEE1 /* americano_pic_1_portrait.png */; };
		DC59E4A98A3E48F1B8D1D9C4 /* americano_pic_2_portrait.png in Resources */ = {isa = PBXBuildFile; fileRef = 9F5F2862032C4310A1B30BDD /* americano_pic_2_portrait.png */; };
		9991432925EB4138A04F4264 /* americano_pic_3_portrait.png in Resources */ = {isa = PBXBuildFile; fileRef = 980563C5B65E46639BD0F837 /* americano_pic_3_portrait.png */; };
		843F731AA2FE4FC0BCB220C5 /* americano_pic_1_square.png in Resources */ = {isa = PBXBuildFile; fileRef = B85C6D2F19474FF2B59E1A94 /* americano_pic_1_square.png */; };
		BCD98D38ED08455F99A44A03 /* americano_pic_2_square.png in Resources */ = {isa = PBXBuildFile; fileRef = E4F2D8C7DA0C4F058DF45CFE /* americano_pic_2_square.png */; };
		DD15AFFF89614C728B090C29 /* americano_pic_3_square.png in Resources */ = {isa = PBXBuildFile; fileRef = 656B15BD09B04BB1834D9F92 /* americano_pic_3_square.png */; };
		A3B81C9BE1484658A563D534 /* arabica_coffee_beans_portrait.png in Resources */ = {isa = PBXBuildFile; fileRef = DE4109C03DF445488B5DF8C1 /* arabica_coffee_beans_portrait.png */; };
		33ECC6DF60E245A1938A9FAB /* arabica_coffee_beans_square.png in Resources */ = {isa = PBXBuildFile; fileRef = 5ABA2B2AFF914D39A5035923 /* arabica_coffee_beans_square.png */; };
		2D130F9C5D894CF0A3987C0F /* black_coffee_pic_1_portrait.png in Resources */ = {isa = PBXBuildFile; fileRef = 43886FADBF7449E8A12B0254 /* black_coffee_pic_1_portrait.png */; };
		263C583025334267A45AEC7F /* black_coffee_pic_2_portrait.png in Resources */ = {isa = PBXBuildFile; fileRef = F9BB3E8F65484133B7A72286 /* black_coffee_pic_2_portrait.png */; };
		47F8452F2FBE45BE95820041 /* black_coffee_pic_3_portrait.png in Resources */ = {isa = PBXBuildFile; fileRef = 78774C847F08429ABAC57D1B /* black_coffee_pic_3_portrait.png */; };
		EE45C0E63F144241BB6C05CF /* black_coffee_pic_1_square.png in Resources */ = {isa = PBXBuildFile; fileRef = 35046C52C8854A34A829F107 /* black_coffee_pic_1_square.png */; };
		5C3CB9C5666A41279931BC0B /* black_coffee_pic_2_square.png in Resources */ = {isa = PBXBuildFile; fileRef = 888ABB039EAF4A3EBA5D2D66 /* black_coffee_pic_2_square.png */; };
		AA3D1429A9444ACE9E58C5A5 /* black_coffee_pic_3_square.png in Resources */ = {isa = PBXBuildFile; fileRef = D4B8409CB39C4A0F8BE64905 /* black_coffee_pic_3_square.png */; };
		3CAD0F785FF641DB8F4BDBAB /* cappuccino_pic_1_portrait.png in Resources */ = {isa = PBXBuildFile; fileRef = 19FA73AE070646F783BA2CF8 /* cappuccino_pic_1_portrait.png */; };
		1E5093ACA0C74C259575B8F6 /* cappuccino_pic_2_portrait.png in Resources */ = {isa = PBXBuildFile; fileRef = A23B8F2746EB4A95B3DA3EF8 /* cappuccino_pic_2_portrait.png */; };
		4FC3F7A3F4404EBEB5E449D1 /* cappuccino_pic_3_portrait.png in Resources */ = {isa = PBXBuildFile; fileRef = 54CC2D5D55254BC3AE467AB3 /* cappuccino_pic_3_portrait.png */; };
		120E3C34E944498C96BB729E /* cappuccino_pic_1_square.png in Resources */ = {isa = PBXBuildFile; fileRef = 54BF3D008662414EB770E55A /* cappuccino_pic_1_square.png */; };
		B03AD957EE0A4A7680F63990 /* cappuccino_pic_2_square.png in Resources */ = {isa = PBXBuildFile; fileRef = ABD63FAA518248F88BF0C786 /* cappuccino_pic_2_square.png */; };
		6CA525B4107A4F268D9FDB8B /* cappuccino_pic_3_square.png in Resources */ = {isa = PBXBuildFile; fileRef = 9173C07A1B434AA396D66E28 /* cappuccino_pic_3_square.png */; };
		9D83B26AAFFD4618A8FA7A40 /* espresso_pic_1_portrait.png in Resources */ = {isa = PBXBuildFile; fileRef = B6951CA33E1D4EB0A2506378 /* espresso_pic_1_portrait.png */; };
		2209739399174C30BD326001 /* espresso_pic_2_portrait.png in Resources */ = {isa = PBXBuildFile; fileRef = 66DF30572DE04F9D994FE1EE /* espresso_pic_2_portrait.png */; };
		4D10811FB1D44100AE1FAC94 /* espresso_pic_3_portrait.png in Resources */ = {isa = PBXBuildFile; fileRef = E69F7893880E4620BC485175 /* espresso_pic_3_portrait.png */; };
		3C2937B8E7AC4F858080B0DC /* espresso_pic_1_square.png in Resources */ = {isa = PBXBuildFile; fileRef = A9771B5DF2FB44669D524DB0 /* espresso_pic_1_square.png */; };
		417B695CB06C4C6186747EC3 /* espresso_pic_2_square.png in Resources */ = {isa = PBXBuildFile; fileRef = 72AA45AB3C064C3D9A22854C /* espresso_pic_2_square.png */; };
		3F655B0AA561479CB4BC8F26 /* espresso_pic_3_square.png in Resources */ = {isa = PBXBuildFile; fileRef = AE77E02E8908488380929C56 /* espresso_pic_3_square.png */; };
		F36F21EB25F84728A39D61B7 /* excelsa_coffee_beans_portrait.png in Resources */ = {isa = PBXBuildFile; fileRef = A81F24874F5C4A18AE55B20D /* excelsa_coffee_beans_portrait.png */; };
		DAF5D8D1EAA94C3C8B5E0DA4 /* excelsa_coffee_beans_square.png in Resources */ = {isa = PBXBuildFile; fileRef = 854A2A93AA4142EAB39445C6 /* excelsa_coffee_beans_square.png */; };
		506E21288726447485CEFAA1 /* latte_pic_1_portrait.png in Resources */ = {isa = PBXBuildFile; fileRef = B845095DCA134A0CAAACAC4A /* latte_pic_1_portrait.png */; };
		CC50BD5407844D9FAC00F6EF /* latte_pic_2_portrait.png in Resources */ = {isa = PBXBuildFile; fileRef = 286FC03E6B8F43679F5F6279 /* latte_pic_2_portrait.png */; };
		5606FE704E91428E9F4E052B /* latte_pic_3_portrait.png in Resources */ = {isa = PBXBuildFile; fileRef = FA6BA0D5BECF48B3AB4687E2 /* latte_pic_3_portrait.png */; };
		96774449BC6D461798EC7BB6 /* latte_pic_1_square.png in Resources */ = {isa = PBXBuildFile; fileRef = E053F935BF444DB8B064D84B /* latte_pic_1_square.png */; };
		ACD4571A89D14BFFAF1CB705 /* latte_pic_2_square.png in Resources */ = {isa = PBXBuildFile; fileRef = AB7215CE8B474F8B8ABA98E4 /* latte_pic_2_square.png */; };
		2D7BEDAF1BA84D35837EBC6C /* latte_pic_3_square.png in Resources */ = {isa = PBXBuildFile; fileRef = 51AD22F9CA8248B19A7B98FB /* latte_pic_3_square.png */; };
		89777426B2C94441ABE4C4BC /* liberica_coffee_beans_portrait.png in Resources */ = {isa = PBXBuildFile; fileRef = A2E5C5E2DED14015BBEBD946 /* liberica_coffee_beans_portrait.png */; };
		510C58AC48944EEB9F7E378F /* liberica_coffee_beans_square.png in Resources */ = {isa = PBXBuildFile; fileRef = 1C97206F1DF94536A77EF956 /* liberica_coffee_beans_square.png */; };
		21EECB7471E04840BF3D48EA /* macchiato_pic_1_portrait.png in Resources */ = {isa = PBXBuildFile; fileRef = 3ED8C53C369F4F7F963F99C2 /* macchiato_pic_1_portrait.png */; };
		7C69AF99BE894773807AAB0B /* macchiato_pic_2_portrait.png in Resources */ = {isa = PBXBuildFile; fileRef = 7C077A41A57D45FDA9D6A91F /* macchiato_pic_2_portrait.png */; };
		864F60AB0FC54335A2E91B6F /* macchiato_pic_3_portrait.png in Resources */ = {isa = PBXBuildFile; fileRef = D43271C1C8EE480288250C6F /* macchiato_pic_3_portrait.png */; };
		844AEC85A4F84286A1C57EDE /* macchiato_pic_1_square.png in Resources */ = {isa = PBXBuildFile; fileRef = B099F6CED6024486AE49D32A /* macchiato_pic_1_square.png */; };
		003B061AB5EE4CF9952F55E2 /* macchiato_pic_2_square.png in Resources */ = {isa = PBXBuildFile; fileRef = 2B2A87FA9ED44599BC94B681 /* macchiato_pic_2_square.png */; };
		3D945B49F7AB494E9E85C0D8 /* macchiato_pic_3_square.png in Resources */ = {isa = PBXBuildFile; fileRef = 4CB4FCEC04944FB59A38C29A /* macchiato_pic_3_square.png */; };
		43F246B4D88E4EABB29640EC /* robusta_coffee_beans_portrait.png in Resources */ = {isa = PBXBuildFile; fileRef = 7C9BB6094E95476B8A6C2D63 /* robusta_coffee_beans_portrait.png */; };
		BAAFE4B1D735495898E0B7B3 /* robusta_coffee_beans_square.png in Resources */ = {isa = PBXBuildFile; fileRef = 191A8B7DA74C42CD9CEF5AE4 /* robusta_coffee_beans_square.png */; };
/* End PBXBuildFile section */

/* Begin PBXContainerItemProxy section */
		00E356F41AD99517003FC87E /* PBXContainerItemProxy */ = {
			isa = PBXContainerItemProxy;
			containerPortal = 83CBB9F71A601CBA00E9B192 /* Project object */;
			proxyType = 1;
			remoteGlobalIDString = 13B07F861A680F5B00A75B9A;
			remoteInfo = EGScoop;
		};
/* End PBXContainerItemProxy section */

/* Begin PBXFileReference section */
		00E356EE1AD99517003FC87E /* EGScoopTests.xctest */ = {isa = PBXFileReference; explicitFileType = wrapper.cfbundle; includeInIndex = 0; path = EGScoopTests.xctest; sourceTree = BUILT_PRODUCTS_DIR; };
		00E356F11AD99517003FC87E /* Info.plist */ = {isa = PBXFileReference; lastKnownFileType = text.plist.xml; path = Info.plist; sourceTree = "<group>"; };
		00E356F21AD99517003FC87E /* EGScoopTests.m */ = {isa = PBXFileReference; lastKnownFileType = sourcecode.c.objc; path = EGScoopTests.m; sourceTree = "<group>"; };
		13B07F961A680F5B00A75B9A /* EGScoop.app */ = {isa = PBXFileReference; explicitFileType = wrapper.application; includeInIndex = 0; path = EGScoop.app; sourceTree = BUILT_PRODUCTS_DIR; };
		13B07FAF1A68108700A75B9A /* AppDelegate.h */ = {isa = PBXFileReference; fileEncoding = 4; lastKnownFileType = sourcecode.c.h; name = AppDelegate.h; path = EGScoop/AppDelegate.h; sourceTree = "<group>"; };
		13B07FB01A68108700A75B9A /* AppDelegate.mm */ = {isa = PBXFileReference; fileEncoding = 4; lastKnownFileType = sourcecode.cpp.objcpp; name = AppDelegate.mm; path = EGScoop/AppDelegate.mm; sourceTree = "<group>"; };
		13B07FB51A68108700A75B9A /* Images.xcassets */ = {isa = PBXFileReference; lastKnownFileType = folder.assetcatalog; name = Images.xcassets; path = EGScoop/Images.xcassets; sourceTree = "<group>"; };
		13B07FB61A68108700A75B9A /* Info.plist */ = {isa = PBXFileReference; fileEncoding = 4; lastKnownFileType = text.plist.xml; name = Info.plist; path = EGScoop/Info.plist; sourceTree = "<group>"; };
		13B07FB71A68108700A75B9A /* main.m */ = {isa = PBXFileReference; fileEncoding = 4; lastKnownFileType = sourcecode.c.objc; name = main.m; path = EGScoop/main.m; sourceTree = "<group>"; };
		19F6CBCC0A4E27FBF8BF4A61 /* libPods-EGScoop-EGScoopTests.a */ = {isa = PBXFileReference; explicitFileType = archive.ar; includeInIndex = 0; path = "libPods-EGScoop-EGScoopTests.a"; sourceTree = BUILT_PRODUCTS_DIR; };
		3B4392A12AC88292D35C810B /* Pods-EGScoop.debug.xcconfig */ = {isa = PBXFileReference; includeInIndex = 1; lastKnownFileType = text.xcconfig; name = "Pods-EGScoop.debug.xcconfig"; path = "Target Support Files/Pods-EGScoop/Pods-EGScoop.debug.xcconfig"; sourceTree = "<group>"; };
		5709B34CF0A7D63546082F79 /* Pods-EGScoop.release.xcconfig */ = {isa = PBXFileReference; includeInIndex = 1; lastKnownFileType = text.xcconfig; name = "Pods-EGScoop.release.xcconfig"; path = "Target Support Files/Pods-EGScoop/Pods-EGScoop.release.xcconfig"; sourceTree = "<group>"; };
		5B7EB9410499542E8C5724F5 /* Pods-EGScoop-EGScoopTests.debug.xcconfig */ = {isa = PBXFileReference; includeInIndex = 1; lastKnownFileType = text.xcconfig; name = "Pods-EGScoop-EGScoopTests.debug.xcconfig"; path = "Target Support Files/Pods-EGScoop-EGScoopTests/Pods-EGScoop-EGScoopTests.debug.xcconfig"; sourceTree = "<group>"; };
		5DCACB8F33CDC322A6C60F78 /* libPods-EGScoop.a */ = {isa = PBXFileReference; explicitFileType = archive.ar; includeInIndex = 0; path = "libPods-EGScoop.a"; sourceTree = BUILT_PRODUCTS_DIR; };
		81AB9BB72411601600AC10FF /* LaunchScreen.storyboard */ = {isa = PBXFileReference; fileEncoding = 4; lastKnownFileType = file.storyboard; name = LaunchScreen.storyboard; path = EGScoop/LaunchScreen.storyboard; sourceTree = "<group>"; };
		89C6BE57DB24E9ADA2F236DE /* Pods-EGScoop-EGScoopTests.release.xcconfig */ = {isa = PBXFileReference; includeInIndex = 1; lastKnownFileType = text.xcconfig; name = "Pods-EGScoop-EGScoopTests.release.xcconfig"; path = "Target Support Files/Pods-EGScoop-EGScoopTests/Pods-EGScoop-EGScoopTests.release.xcconfig"; sourceTree = "<group>"; };
		ED297162215061F000B7C4FE /* JavaScriptCore.framework */ = {isa = PBXFileReference; lastKnownFileType = wrapper.framework; name = JavaScriptCore.framework; path = System/Library/Frameworks/JavaScriptCore.framework; sourceTree = SDKROOT; };
		EC79A31A880141588D62FD30 /* app_icons.ttf */ = {isa = PBXFileReference; name = "app_icons.ttf"; path = "../src/assets/fonts/app_icons.ttf"; sourceTree = "<group>"; fileEncoding = undefined; lastKnownFileType = unknown; explicitFileType = undefined; includeInIndex = 0; };
		06020DD8269C46A598853075 /* Poppins-Black.ttf */ = {isa = PBXFileReference; name = "Poppins-Black.ttf"; path = "../src/assets/fonts/Poppins-Black.ttf"; sourceTree = "<group>"; fileEncoding = undefined; lastKnownFileType = unknown; explicitFileType = undefined; includeInIndex = 0; };
		81FF342AA80E465884866490 /* Poppins-Bold.ttf */ = {isa = PBXFileReference; name = "Poppins-Bold.ttf"; path = "../src/assets/fonts/Poppins-Bold.ttf"; sourceTree = "<group>"; fileEncoding = undefined; lastKnownFileType = unknown; explicitFileType = undefined; includeInIndex = 0; };
		FC78CB7C64864ED5BB6FC144 /* Poppins-ExtraBold.ttf */ = {isa = PBXFileReference; name = "Poppins-ExtraBold.ttf"; path = "../src/assets/fonts/Poppins-ExtraBold.ttf"; sourceTree = "<group>"; fileEncoding = undefined; lastKnownFileType = unknown; explicitFileType = undefined; includeInIndex = 0; };
		69C147971404453EA42FD788 /* Poppins-ExtraLight.ttf */ = {isa = PBXFileReference; name = "Poppins-ExtraLight.ttf"; path = "../src/assets/fonts/Poppins-ExtraLight.ttf"; sourceTree = "<group>"; fileEncoding = undefined; lastKnownFileType = unknown; explicitFileType = undefined; includeInIndex = 0; };
		2655C7B76AC94A4180BEC696 /* Poppins-Light.ttf */ = {isa = PBXFileReference; name = "Poppins-Light.ttf"; path = "../src/assets/fonts/Poppins-Light.ttf"; sourceTree = "<group>"; fileEncoding = undefined; lastKnownFileType = unknown; explicitFileType = undefined; includeInIndex = 0; };
		3960DD84EF844466914F9066 /* Poppins-Medium.ttf */ = {isa = PBXFileReference; name = "Poppins-Medium.ttf"; path = "../src/assets/fonts/Poppins-Medium.ttf"; sourceTree = "<group>"; fileEncoding = undefined; lastKnownFileType = unknown; explicitFileType = undefined; includeInIndex = 0; };
		A7FB683E695F4806A2AFD3D9 /* Poppins-Regular.ttf */ = {isa = PBXFileReference; name = "Poppins-Regular.ttf"; path = "../src/assets/fonts/Poppins-Regular.ttf"; sourceTree = "<group>"; fileEncoding = undefined; lastKnownFileType = unknown; explicitFileType = undefined; includeInIndex = 0; };
		86A08FE9CAC04C09BC5793EC /* Poppins-SemiBold.ttf */ = {isa = PBXFileReference; name = "Poppins-SemiBold.ttf"; path = "../src/assets/fonts/Poppins-SemiBold.ttf"; sourceTree = "<group>"; fileEncoding = undefined; lastKnownFileType = unknown; explicitFileType = undefined; includeInIndex = 0; };
		D0869DFFBDD14877ACB77609 /* Poppins-Thin.ttf */ = {isa = PBXFileReference; name = "Poppins-Thin.ttf"; path = "../src/assets/fonts/Poppins-Thin.ttf"; sourceTree = "<group>"; fileEncoding = undefined; lastKnownFileType = unknown; explicitFileType = undefined; includeInIndex = 0; };
		DAE6C093331D4422A2640278 /* amazonpay.png */ = {isa = PBXFileReference; name = "amazonpay.png"; path = "../src/assets/app_images/amazonpay.png"; sourceTree = "<group>"; fileEncoding = undefined; lastKnownFileType = unknown; explicitFileType = undefined; includeInIndex = 0; };
		B6399B46C8CD48848C0E774D /* applepay.png */ = {isa = PBXFileReference; name = "applepay.png"; path = "../src/assets/app_images/applepay.png"; sourceTree = "<group>"; fileEncoding = undefined; lastKnownFileType = unknown; explicitFileType = undefined; includeInIndex = 0; };
		8CD7B06522EC410EBD60277A /* avatar.png */ = {isa = PBXFileReference; name = "avatar.png"; path = "../src/assets/app_images/avatar.png"; sourceTree = "<group>"; fileEncoding = undefined; lastKnownFileType = unknown; explicitFileType = undefined; includeInIndex = 0; };
		5EFC5D9A6C3C43F9B9C9986A /* gpay.png */ = {isa = PBXFileReference; name = "gpay.png"; path = "../src/assets/app_images/gpay.png"; sourceTree = "<group>"; fileEncoding = undefined; lastKnownFileType = unknown; explicitFileType = undefined; includeInIndex = 0; };
		7FDF4171236448B6B752EEE1 /* americano_pic_1_portrait.png */ = {isa = PBXFileReference; name = "americano_pic_1_portrait.png"; path = "../src/assets/coffee_assets/americano/portrait/americano_pic_1_portrait.png"; sourceTree = "<group>"; fileEncoding = undefined; lastKnownFileType = unknown; explicitFileType = undefined; includeInIndex = 0; };
		9F5F2862032C4310A1B30BDD /* americano_pic_2_portrait.png */ = {isa = PBXFileReference; name = "americano_pic_2_portrait.png"; path = "../src/assets/coffee_assets/americano/portrait/americano_pic_2_portrait.png"; sourceTree = "<group>"; fileEncoding = undefined; lastKnownFileType = unknown; explicitFileType = undefined; includeInIndex = 0; };
		980563C5B65E46639BD0F837 /* americano_pic_3_portrait.png */ = {isa = PBXFileReference; name = "americano_pic_3_portrait.png"; path = "../src/assets/coffee_assets/americano/portrait/americano_pic_3_portrait.png"; sourceTree = "<group>"; fileEncoding = undefined; lastKnownFileType = unknown; explicitFileType = undefined; includeInIndex = 0; };
		B85C6D2F19474FF2B59E1A94 /* americano_pic_1_square.png */ = {isa = PBXFileReference; name = "americano_pic_1_square.png"; path = "../src/assets/coffee_assets/americano/square/americano_pic_1_square.png"; sourceTree = "<group>"; fileEncoding = undefined; lastKnownFileType = unknown; explicitFileType = undefined; includeInIndex = 0; };
		E4F2D8C7DA0C4F058DF45CFE /* americano_pic_2_square.png */ = {isa = PBXFileReference; name = "americano_pic_2_square.png"; path = "../src/assets/coffee_assets/americano/square/americano_pic_2_square.png"; sourceTree = "<group>"; fileEncoding = undefined; lastKnownFileType = unknown; explicitFileType = undefined; includeInIndex = 0; };
		656B15BD09B04BB1834D9F92 /* americano_pic_3_square.png */ = {isa = PBXFileReference; name = "americano_pic_3_square.png"; path = "../src/assets/coffee_assets/americano/square/americano_pic_3_square.png"; sourceTree = "<group>"; fileEncoding = undefined; lastKnownFileType = unknown; explicitFileType = undefined; includeInIndex = 0; };
		DE4109C03DF445488B5DF8C1 /* arabica_coffee_beans_portrait.png */ = {isa = PBXFileReference; name = "arabica_coffee_beans_portrait.png"; path = "../src/assets/coffee_assets/arabica_coffee_beans/arabica_coffee_beans_portrait.png"; sourceTree = "<group>"; fileEncoding = undefined; lastKnownFileType = unknown; explicitFileType = undefined; includeInIndex = 0; };
		5ABA2B2AFF914D39A5035923 /* arabica_coffee_beans_square.png */ = {isa = PBXFileReference; name = "arabica_coffee_beans_square.png"; path = "../src/assets/coffee_assets/arabica_coffee_beans/arabica_coffee_beans_square.png"; sourceTree = "<group>"; fileEncoding = undefined; lastKnownFileType = unknown; explicitFileType = undefined; includeInIndex = 0; };
		43886FADBF7449E8A12B0254 /* black_coffee_pic_1_portrait.png */ = {isa = PBXFileReference; name = "black_coffee_pic_1_portrait.png"; path = "../src/assets/coffee_assets/black_coffee/portrait/black_coffee_pic_1_portrait.png"; sourceTree = "<group>"; fileEncoding = undefined; lastKnownFileType = unknown; explicitFileType = undefined; includeInIndex = 0; };
		F9BB3E8F65484133B7A72286 /* black_coffee_pic_2_portrait.png */ = {isa = PBXFileReference; name = "black_coffee_pic_2_portrait.png"; path = "../src/assets/coffee_assets/black_coffee/portrait/black_coffee_pic_2_portrait.png"; sourceTree = "<group>"; fileEncoding = undefined; lastKnownFileType = unknown; explicitFileType = undefined; includeInIndex = 0; };
		78774C847F08429ABAC57D1B /* black_coffee_pic_3_portrait.png */ = {isa = PBXFileReference; name = "black_coffee_pic_3_portrait.png"; path = "../src/assets/coffee_assets/black_coffee/portrait/black_coffee_pic_3_portrait.png"; sourceTree = "<group>"; fileEncoding = undefined; lastKnownFileType = unknown; explicitFileType = undefined; includeInIndex = 0; };
		35046C52C8854A34A829F107 /* black_coffee_pic_1_square.png */ = {isa = PBXFileReference; name = "black_coffee_pic_1_square.png"; path = "../src/assets/coffee_assets/black_coffee/square/black_coffee_pic_1_square.png"; sourceTree = "<group>"; fileEncoding = undefined; lastKnownFileType = unknown; explicitFileType = undefined; includeInIndex = 0; };
		888ABB039EAF4A3EBA5D2D66 /* black_coffee_pic_2_square.png */ = {isa = PBXFileReference; name = "black_coffee_pic_2_square.png"; path = "../src/assets/coffee_assets/black_coffee/square/black_coffee_pic_2_square.png"; sourceTree = "<group>"; fileEncoding = undefined; lastKnownFileType = unknown; explicitFileType = undefined; includeInIndex = 0; };
		D4B8409CB39C4A0F8BE64905 /* black_coffee_pic_3_square.png */ = {isa = PBXFileReference; name = "black_coffee_pic_3_square.png"; path = "../src/assets/coffee_assets/black_coffee/square/black_coffee_pic_3_square.png"; sourceTree = "<group>"; fileEncoding = undefined; lastKnownFileType = unknown; explicitFileType = undefined; includeInIndex = 0; };
		19FA73AE070646F783BA2CF8 /* cappuccino_pic_1_portrait.png */ = {isa = PBXFileReference; name = "cappuccino_pic_1_portrait.png"; path = "../src/assets/coffee_assets/cappuccino/portrait/cappuccino_pic_1_portrait.png"; sourceTree = "<group>"; fileEncoding = undefined; lastKnownFileType = unknown; explicitFileType = undefined; includeInIndex = 0; };
		A23B8F2746EB4A95B3DA3EF8 /* cappuccino_pic_2_portrait.png */ = {isa = PBXFileReference; name = "cappuccino_pic_2_portrait.png"; path = "../src/assets/coffee_assets/cappuccino/portrait/cappuccino_pic_2_portrait.png"; sourceTree = "<group>"; fileEncoding = undefined; lastKnownFileType = unknown; explicitFileType = undefined; includeInIndex = 0; };
		54CC2D5D55254BC3AE467AB3 /* cappuccino_pic_3_portrait.png */ = {isa = PBXFileReference; name = "cappuccino_pic_3_portrait.png"; path = "../src/assets/coffee_assets/cappuccino/portrait/cappuccino_pic_3_portrait.png"; sourceTree = "<group>"; fileEncoding = undefined; lastKnownFileType = unknown; explicitFileType = undefined; includeInIndex = 0; };
		54BF3D008662414EB770E55A /* cappuccino_pic_1_square.png */ = {isa = PBXFileReference; name = "cappuccino_pic_1_square.png"; path = "../src/assets/coffee_assets/cappuccino/square/cappuccino_pic_1_square.png"; sourceTree = "<group>"; fileEncoding = undefined; lastKnownFileType = unknown; explicitFileType = undefined; includeInIndex = 0; };
		ABD63FAA518248F88BF0C786 /* cappuccino_pic_2_square.png */ = {isa = PBXFileReference; name = "cappuccino_pic_2_square.png"; path = "../src/assets/coffee_assets/cappuccino/square/cappuccino_pic_2_square.png"; sourceTree = "<group>"; fileEncoding = undefined; lastKnownFileType = unknown; explicitFileType = undefined; includeInIndex = 0; };
		9173C07A1B434AA396D66E28 /* cappuccino_pic_3_square.png */ = {isa = PBXFileReference; name = "cappuccino_pic_3_square.png"; path = "../src/assets/coffee_assets/cappuccino/square/cappuccino_pic_3_square.png"; sourceTree = "<group>"; fileEncoding = undefined; lastKnownFileType = unknown; explicitFileType = undefined; includeInIndex = 0; };
		B6951CA33E1D4EB0A2506378 /* espresso_pic_1_portrait.png */ = {isa = PBXFileReference; name = "espresso_pic_1_portrait.png"; path = "../src/assets/coffee_assets/espresso/portrait/espresso_pic_1_portrait.png"; sourceTree = "<group>"; fileEncoding = undefined; lastKnownFileType = unknown; explicitFileType = undefined; includeInIndex = 0; };
		66DF30572DE04F9D994FE1EE /* espresso_pic_2_portrait.png */ = {isa = PBXFileReference; name = "espresso_pic_2_portrait.png"; path = "../src/assets/coffee_assets/espresso/portrait/espresso_pic_2_portrait.png"; sourceTree = "<group>"; fileEncoding = undefined; lastKnownFileType = unknown; explicitFileType = undefined; includeInIndex = 0; };
		E69F7893880E4620BC485175 /* espresso_pic_3_portrait.png */ = {isa = PBXFileReference; name = "espresso_pic_3_portrait.png"; path = "../src/assets/coffee_assets/espresso/portrait/espresso_pic_3_portrait.png"; sourceTree = "<group>"; fileEncoding = undefined; lastKnownFileType = unknown; explicitFileType = undefined; includeInIndex = 0; };
		A9771B5DF2FB44669D524DB0 /* espresso_pic_1_square.png */ = {isa = PBXFileReference; name = "espresso_pic_1_square.png"; path = "../src/assets/coffee_assets/espresso/square/espresso_pic_1_square.png"; sourceTree = "<group>"; fileEncoding = undefined; lastKnownFileType = unknown; explicitFileType = undefined; includeInIndex = 0; };
		72AA45AB3C064C3D9A22854C /* espresso_pic_2_square.png */ = {isa = PBXFileReference; name = "espresso_pic_2_square.png"; path = "../src/assets/coffee_assets/espresso/square/espresso_pic_2_square.png"; sourceTree = "<group>"; fileEncoding = undefined; lastKnownFileType = unknown; explicitFileType = undefined; includeInIndex = 0; };
		AE77E02E8908488380929C56 /* espresso_pic_3_square.png */ = {isa = PBXFileReference; name = "espresso_pic_3_square.png"; path = "../src/assets/coffee_assets/espresso/square/espresso_pic_3_square.png"; sourceTree = "<group>"; fileEncoding = undefined; lastKnownFileType = unknown; explicitFileType = undefined; includeInIndex = 0; };
		A81F24874F5C4A18AE55B20D /* excelsa_coffee_beans_portrait.png */ = {isa = PBXFileReference; name = "excelsa_coffee_beans_portrait.png"; path = "../src/assets/coffee_assets/excelsa_coffee_beans/excelsa_coffee_beans_portrait.png"; sourceTree = "<group>"; fileEncoding = undefined; lastKnownFileType = unknown; explicitFileType = undefined; includeInIndex = 0; };
		854A2A93AA4142EAB39445C6 /* excelsa_coffee_beans_square.png */ = {isa = PBXFileReference; name = "excelsa_coffee_beans_square.png"; path = "../src/assets/coffee_assets/excelsa_coffee_beans/excelsa_coffee_beans_square.png"; sourceTree = "<group>"; fileEncoding = undefined; lastKnownFileType = unknown; explicitFileType = undefined; includeInIndex = 0; };
		B845095DCA134A0CAAACAC4A /* latte_pic_1_portrait.png */ = {isa = PBXFileReference; name = "latte_pic_1_portrait.png"; path = "../src/assets/coffee_assets/latte/portrait/latte_pic_1_portrait.png"; sourceTree = "<group>"; fileEncoding = undefined; lastKnownFileType = unknown; explicitFileType = undefined; includeInIndex = 0; };
		286FC03E6B8F43679F5F6279 /* latte_pic_2_portrait.png */ = {isa = PBXFileReference; name = "latte_pic_2_portrait.png"; path = "../src/assets/coffee_assets/latte/portrait/latte_pic_2_portrait.png"; sourceTree = "<group>"; fileEncoding = undefined; lastKnownFileType = unknown; explicitFileType = undefined; includeInIndex = 0; };
		FA6BA0D5BECF48B3AB4687E2 /* latte_pic_3_portrait.png */ = {isa = PBXFileReference; name = "latte_pic_3_portrait.png"; path = "../src/assets/coffee_assets/latte/portrait/latte_pic_3_portrait.png"; sourceTree = "<group>"; fileEncoding = undefined; lastKnownFileType = unknown; explicitFileType = undefined; includeInIndex = 0; };
		E053F935BF444DB8B064D84B /* latte_pic_1_square.png */ = {isa = PBXFileReference; name = "latte_pic_1_square.png"; path = "../src/assets/coffee_assets/latte/square/latte_pic_1_square.png"; sourceTree = "<group>"; fileEncoding = undefined; lastKnownFileType = unknown; explicitFileType = undefined; includeInIndex = 0; };
		AB7215CE8B474F8B8ABA98E4 /* latte_pic_2_square.png */ = {isa = PBXFileReference; name = "latte_pic_2_square.png"; path = "../src/assets/coffee_assets/latte/square/latte_pic_2_square.png"; sourceTree = "<group>"; fileEncoding = undefined; lastKnownFileType = unknown; explicitFileType = undefined; includeInIndex = 0; };
		51AD22F9CA8248B19A7B98FB /* latte_pic_3_square.png */ = {isa = PBXFileReference; name = "latte_pic_3_square.png"; path = "../src/assets/coffee_assets/latte/square/latte_pic_3_square.png"; sourceTree = "<group>"; fileEncoding = undefined; lastKnownFileType = unknown; explicitFileType = undefined; includeInIndex = 0; };
		A2E5C5E2DED14015BBEBD946 /* liberica_coffee_beans_portrait.png */ = {isa = PBXFileReference; name = "liberica_coffee_beans_portrait.png"; path = "../src/assets/coffee_assets/liberica_coffee_beans/liberica_coffee_beans_portrait.png"; sourceTree = "<group>"; fileEncoding = undefined; lastKnownFileType = unknown; explicitFileType = undefined; includeInIndex = 0; };
		1C97206F1DF94536A77EF956 /* liberica_coffee_beans_square.png */ = {isa = PBXFileReference; name = "liberica_coffee_beans_square.png"; path = "../src/assets/coffee_assets/liberica_coffee_beans/liberica_coffee_beans_square.png"; sourceTree = "<group>"; fileEncoding = undefined; lastKnownFileType = unknown; explicitFileType = undefined; includeInIndex = 0; };
		3ED8C53C369F4F7F963F99C2 /* macchiato_pic_1_portrait.png */ = {isa = PBXFileReference; name = "macchiato_pic_1_portrait.png"; path = "../src/assets/coffee_assets/macchiato/portrait/macchiato_pic_1_portrait.png"; sourceTree = "<group>"; fileEncoding = undefined; lastKnownFileType = unknown; explicitFileType = undefined; includeInIndex = 0; };
		7C077A41A57D45FDA9D6A91F /* macchiato_pic_2_portrait.png */ = {isa = PBXFileReference; name = "macchiato_pic_2_portrait.png"; path = "../src/assets/coffee_assets/macchiato/portrait/macchiato_pic_2_portrait.png"; sourceTree = "<group>"; fileEncoding = undefined; lastKnownFileType = unknown; explicitFileType = undefined; includeInIndex = 0; };
		D43271C1C8EE480288250C6F /* macchiato_pic_3_portrait.png */ = {isa = PBXFileReference; name = "macchiato_pic_3_portrait.png"; path = "../src/assets/coffee_assets/macchiato/portrait/macchiato_pic_3_portrait.png"; sourceTree = "<group>"; fileEncoding = undefined; lastKnownFileType = unknown; explicitFileType = undefined; includeInIndex = 0; };
		B099F6CED6024486AE49D32A /* macchiato_pic_1_square.png */ = {isa = PBXFileReference; name = "macchiato_pic_1_square.png"; path = "../src/assets/coffee_assets/macchiato/square/macchiato_pic_1_square.png"; sourceTree = "<group>"; fileEncoding = undefined; lastKnownFileType = unknown; explicitFileType = undefined; includeInIndex = 0; };
		2B2A87FA9ED44599BC94B681 /* macchiato_pic_2_square.png */ = {isa = PBXFileReference; name = "macchiato_pic_2_square.png"; path = "../src/assets/coffee_assets/macchiato/square/macchiato_pic_2_square.png"; sourceTree = "<group>"; fileEncoding = undefined; lastKnownFileType = unknown; explicitFileType = undefined; includeInIndex = 0; };
		4CB4FCEC04944FB59A38C29A /* macchiato_pic_3_square.png */ = {isa = PBXFileReference; name = "macchiato_pic_3_square.png"; path = "../src/assets/coffee_assets/macchiato/square/macchiato_pic_3_square.png"; sourceTree = "<group>"; fileEncoding = undefined; lastKnownFileType = unknown; explicitFileType = undefined; includeInIndex = 0; };
		7C9BB6094E95476B8A6C2D63 /* robusta_coffee_beans_portrait.png */ = {isa = PBXFileReference; name = "robusta_coffee_beans_portrait.png"; path = "../src/assets/coffee_assets/robusta_coffee_beans/robusta_coffee_beans_portrait.png"; sourceTree = "<group>"; fileEncoding = undefined; lastKnownFileType = unknown; explicitFileType = undefined; includeInIndex = 0; };
		191A8B7DA74C42CD9CEF5AE4 /* robusta_coffee_beans_square.png */ = {isa = PBXFileReference; name = "robusta_coffee_beans_square.png"; path = "../src/assets/coffee_assets/robusta_coffee_beans/robusta_coffee_beans_square.png"; sourceTree = "<group>"; fileEncoding = undefined; lastKnownFileType = unknown; explicitFileType = undefined; includeInIndex = 0; };
/* End PBXFileReference section */

/* Begin PBXFrameworksBuildPhase section */
		00E356EB1AD99517003FC87E /* Frameworks */ = {
			isa = PBXFrameworksBuildPhase;
			buildActionMask = 2147483647;
			files = (
				7699B88040F8A987B510C191 /* libPods-EGScoop-EGScoopTests.a in Frameworks */,
			);
			runOnlyForDeploymentPostprocessing = 0;
		};
		13B07F8C1A680F5B00A75B9A /* Frameworks */ = {
			isa = PBXFrameworksBuildPhase;
			buildActionMask = 2147483647;
			files = (
				0C80B921A6F3F58F76C31292 /* libPods-EGScoop.a in Frameworks */,
			);
			runOnlyForDeploymentPostprocessing = 0;
		};
/* End PBXFrameworksBuildPhase section */

/* Begin PBXGroup section */
		00E356EF1AD99517003FC87E /* EGScoopTests */ = {
			isa = PBXGroup;
			children = (
				00E356F21AD99517003FC87E /* EGScoopTests.m */,
				00E356F01AD99517003FC87E /* Supporting Files */,
			);
			path = EGScoopTests;
			sourceTree = "<group>";
		};
		00E356F01AD99517003FC87E /* Supporting Files */ = {
			isa = PBXGroup;
			children = (
				00E356F11AD99517003FC87E /* Info.plist */,
			);
			name = "Supporting Files";
			sourceTree = "<group>";
		};
		13B07FAE1A68108700A75B9A /* EGScoop */ = {
			isa = PBXGroup;
			children = (
				13B07FAF1A68108700A75B9A /* AppDelegate.h */,
				13B07FB01A68108700A75B9A /* AppDelegate.mm */,
				13B07FB51A68108700A75B9A /* Images.xcassets */,
				13B07FB61A68108700A75B9A /* Info.plist */,
				81AB9BB72411601600AC10FF /* LaunchScreen.storyboard */,
				13B07FB71A68108700A75B9A /* main.m */,
			);
			name = EGScoop;
			sourceTree = "<group>";
		};
		2D16E6871FA4F8E400B85C8A /* Frameworks */ = {
			isa = PBXGroup;
			children = (
				ED297162215061F000B7C4FE /* JavaScriptCore.framework */,
				5DCACB8F33CDC322A6C60F78 /* libPods-EGScoop.a */,
				19F6CBCC0A4E27FBF8BF4A61 /* libPods-EGScoop-EGScoopTests.a */,
			);
			name = Frameworks;
			sourceTree = "<group>";
		};
		832341AE1AAA6A7D00B99B32 /* Libraries */ = {
			isa = PBXGroup;
			children = (
			);
			name = Libraries;
			sourceTree = "<group>";
		};
		83CBB9F61A601CBA00E9B192 = {
			isa = PBXGroup;
			children = (
				13B07FAE1A68108700A75B9A /* EGScoop */,
				832341AE1AAA6A7D00B99B32 /* Libraries */,
				00E356EF1AD99517003FC87E /* EGScoopTests */,
				83CBBA001A601CBA00E9B192 /* Products */,
				2D16E6871FA4F8E400B85C8A /* Frameworks */,
				BBD78D7AC51CEA395F1C20DB /* Pods */,
				D525C0CB2BFA40898E1D50D2 /* Resources */,
			);
			indentWidth = 2;
			sourceTree = "<group>";
			tabWidth = 2;
			usesTabs = 0;
		};
		83CBBA001A601CBA00E9B192 /* Products */ = {
			isa = PBXGroup;
			children = (
				13B07F961A680F5B00A75B9A /* EGScoop.app */,
				00E356EE1AD99517003FC87E /* EGScoopTests.xctest */,
			);
			name = Products;
			sourceTree = "<group>";
		};
		BBD78D7AC51CEA395F1C20DB /* Pods */ = {
			isa = PBXGroup;
			children = (
				3B4392A12AC88292D35C810B /* Pods-EGScoop.debug.xcconfig */,
				5709B34CF0A7D63546082F79 /* Pods-EGScoop.release.xcconfig */,
				5B7EB9410499542E8C5724F5 /* Pods-EGScoop-EGScoopTests.debug.xcconfig */,
				89C6BE57DB24E9ADA2F236DE /* Pods-EGScoop-EGScoopTests.release.xcconfig */,
			);
			path = Pods;
			sourceTree = "<group>";
		};
		D525C0CB2BFA40898E1D50D2 /* Resources */ = {
			isa = "PBXGroup";
			children = (
				EC79A31A880141588D62FD30 /* app_icons.ttf */,
				06020DD8269C46A598853075 /* Poppins-Black.ttf */,
				81FF342AA80E465884866490 /* Poppins-Bold.ttf */,
				FC78CB7C64864ED5BB6FC144 /* Poppins-ExtraBold.ttf */,
				69C147971404453EA42FD788 /* Poppins-ExtraLight.ttf */,
				2655C7B76AC94A4180BEC696 /* Poppins-Light.ttf */,
				3960DD84EF844466914F9066 /* Poppins-Medium.ttf */,
				A7FB683E695F4806A2AFD3D9 /* Poppins-Regular.ttf */,
				86A08FE9CAC04C09BC5793EC /* Poppins-SemiBold.ttf */,
				D0869DFFBDD14877ACB77609 /* Poppins-Thin.ttf */,
				DAE6C093331D4422A2640278 /* amazonpay.png */,
				B6399B46C8CD48848C0E774D /* applepay.png */,
				8CD7B06522EC410EBD60277A /* avatar.png */,
				5EFC5D9A6C3C43F9B9C9986A /* gpay.png */,
				7FDF4171236448B6B752EEE1 /* americano_pic_1_portrait.png */,
				9F5F2862032C4310A1B30BDD /* americano_pic_2_portrait.png */,
				980563C5B65E46639BD0F837 /* americano_pic_3_portrait.png */,
				B85C6D2F19474FF2B59E1A94 /* americano_pic_1_square.png */,
				E4F2D8C7DA0C4F058DF45CFE /* americano_pic_2_square.png */,
				656B15BD09B04BB1834D9F92 /* americano_pic_3_square.png */,
				DE4109C03DF445488B5DF8C1 /* arabica_coffee_beans_portrait.png */,
				5ABA2B2AFF914D39A5035923 /* arabica_coffee_beans_square.png */,
				43886FADBF7449E8A12B0254 /* black_coffee_pic_1_portrait.png */,
				F9BB3E8F65484133B7A72286 /* black_coffee_pic_2_portrait.png */,
				78774C847F08429ABAC57D1B /* black_coffee_pic_3_portrait.png */,
				35046C52C8854A34A829F107 /* black_coffee_pic_1_square.png */,
				888ABB039EAF4A3EBA5D2D66 /* black_coffee_pic_2_square.png */,
				D4B8409CB39C4A0F8BE64905 /* black_coffee_pic_3_square.png */,
				19FA73AE070646F783BA2CF8 /* cappuccino_pic_1_portrait.png */,
				A23B8F2746EB4A95B3DA3EF8 /* cappuccino_pic_2_portrait.png */,
				54CC2D5D55254BC3AE467AB3 /* cappuccino_pic_3_portrait.png */,
				54BF3D008662414EB770E55A /* cappuccino_pic_1_square.png */,
				ABD63FAA518248F88BF0C786 /* cappuccino_pic_2_square.png */,
				9173C07A1B434AA396D66E28 /* cappuccino_pic_3_square.png */,
				B6951CA33E1D4EB0A2506378 /* espresso_pic_1_portrait.png */,
				66DF30572DE04F9D994FE1EE /* espresso_pic_2_portrait.png */,
				E69F7893880E4620BC485175 /* espresso_pic_3_portrait.png */,
				A9771B5DF2FB44669D524DB0 /* espresso_pic_1_square.png */,
				72AA45AB3C064C3D9A22854C /* espresso_pic_2_square.png */,
				AE77E02E8908488380929C56 /* espresso_pic_3_square.png */,
				A81F24874F5C4A18AE55B20D /* excelsa_coffee_beans_portrait.png */,
				854A2A93AA4142EAB39445C6 /* excelsa_coffee_beans_square.png */,
				B845095DCA134A0CAAACAC4A /* latte_pic_1_portrait.png */,
				286FC03E6B8F43679F5F6279 /* latte_pic_2_portrait.png */,
				FA6BA0D5BECF48B3AB4687E2 /* latte_pic_3_portrait.png */,
				E053F935BF444DB8B064D84B /* latte_pic_1_square.png */,
				AB7215CE8B474F8B8ABA98E4 /* latte_pic_2_square.png */,
				51AD22F9CA8248B19A7B98FB /* latte_pic_3_square.png */,
				A2E5C5E2DED14015BBEBD946 /* liberica_coffee_beans_portrait.png */,
				1C97206F1DF94536A77EF956 /* liberica_coffee_beans_square.png */,
				3ED8C53C369F4F7F963F99C2 /* macchiato_pic_1_portrait.png */,
				7C077A41A57D45FDA9D6A91F /* macchiato_pic_2_portrait.png */,
				D43271C1C8EE480288250C6F /* macchiato_pic_3_portrait.png */,
				B099F6CED6024486AE49D32A /* macchiato_pic_1_square.png */,
				2B2A87FA9ED44599BC94B681 /* macchiato_pic_2_square.png */,
				4CB4FCEC04944FB59A38C29A /* macchiato_pic_3_square.png */,
				7C9BB6094E95476B8A6C2D63 /* robusta_coffee_beans_portrait.png */,
				191A8B7DA74C42CD9CEF5AE4 /* robusta_coffee_beans_square.png */,
			);
			name = Resources;
			sourceTree = "<group>";
			path = "";
		};
/* End PBXGroup section */

/* Begin PBXNativeTarget section */
		00E356ED1AD99517003FC87E /* EGScoopTests */ = {
			isa = PBXNativeTarget;
			buildConfigurationList = 00E357021AD99517003FC87E /* Build configuration list for PBXNativeTarget "EGScoopTests" */;
			buildPhases = (
				A55EABD7B0C7F3A422A6CC61 /* [CP] Check Pods Manifest.lock */,
				00E356EA1AD99517003FC87E /* Sources */,
				00E356EB1AD99517003FC87E /* Frameworks */,
				00E356EC1AD99517003FC87E /* Resources */,
				C59DA0FBD6956966B86A3779 /* [CP] Embed Pods Frameworks */,
				F6A41C54EA430FDDC6A6ED99 /* [CP] Copy Pods Resources */,
			);
			buildRules = (
			);
			dependencies = (
				00E356F51AD99517003FC87E /* PBXTargetDependency */,
			);
			name = EGScoopTests;
			productName = EGScoopTests;
			productReference = 00E356EE1AD99517003FC87E /* EGScoopTests.xctest */;
			productType = "com.apple.product-type.bundle.unit-test";
		};
		13B07F861A680F5B00A75B9A /* EGScoop */ = {
			isa = PBXNativeTarget;
			buildConfigurationList = 13B07F931A680F5B00A75B9A /* Build configuration list for PBXNativeTarget "EGScoop" */;
			buildPhases = (
				C38B50BA6285516D6DCD4F65 /* [CP] Check Pods Manifest.lock */,
				13B07F871A680F5B00A75B9A /* Sources */,
				13B07F8C1A680F5B00A75B9A /* Frameworks */,
				13B07F8E1A680F5B00A75B9A /* Resources */,
				00DD1BFF1BD5951E006B06BC /* Bundle React Native code and images */,
				00EEFC60759A1932668264C0 /* [CP] Embed Pods Frameworks */,
				E235C05ADACE081382539298 /* [CP] Copy Pods Resources */,
			);
			buildRules = (
			);
			dependencies = (
			);
			name = EGScoop;
			productName = EGScoop;
			productReference = 13B07F961A680F5B00A75B9A /* EGScoop.app */;
			productType = "com.apple.product-type.application";
		};
/* End PBXNativeTarget section */

/* Begin PBXProject section */
		83CBB9F71A601CBA00E9B192 /* Project object */ = {
			isa = PBXProject;
			attributes = {
				LastUpgradeCheck = 1210;
				TargetAttributes = {
					00E356ED1AD99517003FC87E = {
						CreatedOnToolsVersion = 6.2;
						TestTargetID = 13B07F861A680F5B00A75B9A;
					};
					13B07F861A680F5B00A75B9A = {
						LastSwiftMigration = 1120;
					};
				};
			};
			buildConfigurationList = 83CBB9FA1A601CBA00E9B192 /* Build configuration list for PBXProject "EGScoop" */;
			compatibilityVersion = "Xcode 12.0";
			developmentRegion = en;
			hasScannedForEncodings = 0;
			knownRegions = (
				en,
				Base,
			);
			mainGroup = 83CBB9F61A601CBA00E9B192;
			productRefGroup = 83CBBA001A601CBA00E9B192 /* Products */;
			projectDirPath = "";
			projectRoot = "";
			targets = (
				13B07F861A680F5B00A75B9A /* EGScoop */,
				00E356ED1AD99517003FC87E /* EGScoopTests */,
			);
		};
/* End PBXProject section */

/* Begin PBXResourcesBuildPhase section */
		00E356EC1AD99517003FC87E /* Resources */ = {
			isa = PBXResourcesBuildPhase;
			buildActionMask = 2147483647;
			files = (
			);
			runOnlyForDeploymentPostprocessing = 0;
		};
		13B07F8E1A680F5B00A75B9A /* Resources */ = {
			isa = PBXResourcesBuildPhase;
			buildActionMask = 2147483647;
			files = (
				81AB9BB82411601600AC10FF /* LaunchScreen.storyboard in Resources */,
				13B07FBF1A68108700A75B9A /* Images.xcassets in Resources */,
				ABE02E65043F41D69D3664CE /* app_icons.ttf in Resources */,
				718C3A071D884C3B8A221A8D /* Poppins-Black.ttf in Resources */,
				FD6BE846345A447A9DE84D6B /* Poppins-Bold.ttf in Resources */,
				EBEDE2FDF11F45BEB55ACCCE /* Poppins-ExtraBold.ttf in Resources */,
				3A1E125A9BD04545A892DF25 /* Poppins-ExtraLight.ttf in Resources */,
				A4F1DD412EF043A6BA3B7DCC /* Poppins-Light.ttf in Resources */,
				25C74DC664EE43DA997119B5 /* Poppins-Medium.ttf in Resources */,
				432DCB9F8CF14546A2E92ECB /* Poppins-Regular.ttf in Resources */,
				B9050E9AE2F24D81B296908A /* Poppins-SemiBold.ttf in Resources */,
				888E196701A04CAE85E37425 /* Poppins-Thin.ttf in Resources */,
				9D8FE1C97E7F4170A4E62A2F /* amazonpay.png in Resources */,
				0DB06AD763F54C64B03363F8 /* applepay.png in Resources */,
				69BCA465829C481F984B1ACC /* avatar.png in Resources */,
				1C8098F3BD054296ABBBD7C2 /* gpay.png in Resources */,
				A03AF2EE153D4B4BB023F0F9 /* americano_pic_1_portrait.png in Resources */,
				DC59E4A98A3E48F1B8D1D9C4 /* americano_pic_2_portrait.png in Resources */,
				9991432925EB4138A04F4264 /* americano_pic_3_portrait.png in Resources */,
				843F731AA2FE4FC0BCB220C5 /* americano_pic_1_square.png in Resources */,
				BCD98D38ED08455F99A44A03 /* americano_pic_2_square.png in Resources */,
				DD15AFFF89614C728B090C29 /* americano_pic_3_square.png in Resources */,
				A3B81C9BE1484658A563D534 /* arabica_coffee_beans_portrait.png in Resources */,
				33ECC6DF60E245A1938A9FAB /* arabica_coffee_beans_square.png in Resources */,
				2D130F9C5D894CF0A3987C0F /* black_coffee_pic_1_portrait.png in Resources */,
				263C583025334267A45AEC7F /* black_coffee_pic_2_portrait.png in Resources */,
				47F8452F2FBE45BE95820041 /* black_coffee_pic_3_portrait.png in Resources */,
				EE45C0E63F144241BB6C05CF /* black_coffee_pic_1_square.png in Resources */,
				5C3CB9C5666A41279931BC0B /* black_coffee_pic_2_square.png in Resources */,
				AA3D1429A9444ACE9E58C5A5 /* black_coffee_pic_3_square.png in Resources */,
				3CAD0F785FF641DB8F4BDBAB /* cappuccino_pic_1_portrait.png in Resources */,
				1E5093ACA0C74C259575B8F6 /* cappuccino_pic_2_portrait.png in Resources */,
				4FC3F7A3F4404EBEB5E449D1 /* cappuccino_pic_3_portrait.png in Resources */,
				120E3C34E944498C96BB729E /* cappuccino_pic_1_square.png in Resources */,
				B03AD957EE0A4A7680F63990 /* cappuccino_pic_2_square.png in Resources */,
				6CA525B4107A4F268D9FDB8B /* cappuccino_pic_3_square.png in Resources */,
				9D83B26AAFFD4618A8FA7A40 /* espresso_pic_1_portrait.png in Resources */,
				2209739399174C30BD326001 /* espresso_pic_2_portrait.png in Resources */,
				4D10811FB1D44100AE1FAC94 /* espresso_pic_3_portrait.png in Resources */,
				3C2937B8E7AC4F858080B0DC /* espresso_pic_1_square.png in Resources */,
				417B695CB06C4C6186747EC3 /* espresso_pic_2_square.png in Resources */,
				3F655B0AA561479CB4BC8F26 /* espresso_pic_3_square.png in Resources */,
				F36F21EB25F84728A39D61B7 /* excelsa_coffee_beans_portrait.png in Resources */,
				DAF5D8D1EAA94C3C8B5E0DA4 /* excelsa_coffee_beans_square.png in Resources */,
				506E21288726447485CEFAA1 /* latte_pic_1_portrait.png in Resources */,
				CC50BD5407844D9FAC00F6EF /* latte_pic_2_portrait.png in Resources */,
				5606FE704E91428E9F4E052B /* latte_pic_3_portrait.png in Resources */,
				96774449BC6D461798EC7BB6 /* latte_pic_1_square.png in Resources */,
				ACD4571A89D14BFFAF1CB705 /* latte_pic_2_square.png in Resources */,
				2D7BEDAF1BA84D35837EBC6C /* latte_pic_3_square.png in Resources */,
				89777426B2C94441ABE4C4BC /* liberica_coffee_beans_portrait.png in Resources */,
				510C58AC48944EEB9F7E378F /* liberica_coffee_beans_square.png in Resources */,
				21EECB7471E04840BF3D48EA /* macchiato_pic_1_portrait.png in Resources */,
				7C69AF99BE894773807AAB0B /* macchiato_pic_2_portrait.png in Resources */,
				864F60AB0FC54335A2E91B6F /* macchiato_pic_3_portrait.png in Resources */,
				844AEC85A4F84286A1C57EDE /* macchiato_pic_1_square.png in Resources */,
				003B061AB5EE4CF9952F55E2 /* macchiato_pic_2_square.png in Resources */,
				3D945B49F7AB494E9E85C0D8 /* macchiato_pic_3_square.png in Resources */,
				43F246B4D88E4EABB29640EC /* robusta_coffee_beans_portrait.png in Resources */,
				BAAFE4B1D735495898E0B7B3 /* robusta_coffee_beans_square.png in Resources */,
			);
			runOnlyForDeploymentPostprocessing = 0;
		};
/* End PBXResourcesBuildPhase section */

/* Begin PBXShellScriptBuildPhase section */
		00DD1BFF1BD5951E006B06BC /* Bundle React Native code and images */ = {
			isa = PBXShellScriptBuildPhase;
			buildActionMask = 2147483647;
			files = (
			);
			inputPaths = (
				"$(SRCROOT)/.xcode.env.local",
				"$(SRCROOT)/.xcode.env",
			);
			name = "Bundle React Native code and images";
			outputPaths = (
			);
			runOnlyForDeploymentPostprocessing = 0;
			shellPath = /bin/sh;
			shellScript = "set -e\n\nWITH_ENVIRONMENT=\"../node_modules/react-native/scripts/xcode/with-environment.sh\"\nREACT_NATIVE_XCODE=\"../node_modules/react-native/scripts/react-native-xcode.sh\"\n\n/bin/sh -c \"$WITH_ENVIRONMENT $REACT_NATIVE_XCODE\"\n";
		};
		00EEFC60759A1932668264C0 /* [CP] Embed Pods Frameworks */ = {
			isa = PBXShellScriptBuildPhase;
			buildActionMask = 2147483647;
			files = (
			);
			inputFileListPaths = (
				"${PODS_ROOT}/Target Support Files/Pods-EGScoop/Pods-EGScoop-frameworks-${CONFIGURATION}-input-files.xcfilelist",
			);
			name = "[CP] Embed Pods Frameworks";
			outputFileListPaths = (
				"${PODS_ROOT}/Target Support Files/Pods-EGScoop/Pods-EGScoop-frameworks-${CONFIGURATION}-output-files.xcfilelist",
			);
			runOnlyForDeploymentPostprocessing = 0;
			shellPath = /bin/sh;
			shellScript = "\"${PODS_ROOT}/Target Support Files/Pods-EGScoop/Pods-EGScoop-frameworks.sh\"\n";
			showEnvVarsInLog = 0;
		};
		A55EABD7B0C7F3A422A6CC61 /* [CP] Check Pods Manifest.lock */ = {
			isa = PBXShellScriptBuildPhase;
			buildActionMask = 2147483647;
			files = (
			);
			inputFileListPaths = (
			);
			inputPaths = (
				"${PODS_PODFILE_DIR_PATH}/Podfile.lock",
				"${PODS_ROOT}/Manifest.lock",
			);
			name = "[CP] Check Pods Manifest.lock";
			outputFileListPaths = (
			);
			outputPaths = (
				"$(DERIVED_FILE_DIR)/Pods-EGScoop-EGScoopTests-checkManifestLockResult.txt",
			);
			runOnlyForDeploymentPostprocessing = 0;
			shellPath = /bin/sh;
			shellScript = "diff \"${PODS_PODFILE_DIR_PATH}/Podfile.lock\" \"${PODS_ROOT}/Manifest.lock\" > /dev/null\nif [ $? != 0 ] ; then\n    # print error to STDERR\n    echo \"error: The sandbox is not in sync with the Podfile.lock. Run 'pod install' or update your CocoaPods installation.\" >&2\n    exit 1\nfi\n# This output is used by Xcode 'outputs' to avoid re-running this script phase.\necho \"SUCCESS\" > \"${SCRIPT_OUTPUT_FILE_0}\"\n";
			showEnvVarsInLog = 0;
		};
		C38B50BA6285516D6DCD4F65 /* [CP] Check Pods Manifest.lock */ = {
			isa = PBXShellScriptBuildPhase;
			buildActionMask = 2147483647;
			files = (
			);
			inputFileListPaths = (
			);
			inputPaths = (
				"${PODS_PODFILE_DIR_PATH}/Podfile.lock",
				"${PODS_ROOT}/Manifest.lock",
			);
			name = "[CP] Check Pods Manifest.lock";
			outputFileListPaths = (
			);
			outputPaths = (
				"$(DERIVED_FILE_DIR)/Pods-EGScoop-checkManifestLockResult.txt",
			);
			runOnlyForDeploymentPostprocessing = 0;
			shellPath = /bin/sh;
			shellScript = "diff \"${PODS_PODFILE_DIR_PATH}/Podfile.lock\" \"${PODS_ROOT}/Manifest.lock\" > /dev/null\nif [ $? != 0 ] ; then\n    # print error to STDERR\n    echo \"error: The sandbox is not in sync with the Podfile.lock. Run 'pod install' or update your CocoaPods installation.\" >&2\n    exit 1\nfi\n# This output is used by Xcode 'outputs' to avoid re-running this script phase.\necho \"SUCCESS\" > \"${SCRIPT_OUTPUT_FILE_0}\"\n";
			showEnvVarsInLog = 0;
		};
		C59DA0FBD6956966B86A3779 /* [CP] Embed Pods Frameworks */ = {
			isa = PBXShellScriptBuildPhase;
			buildActionMask = 2147483647;
			files = (
			);
			inputFileListPaths = (
				"${PODS_ROOT}/Target Support Files/Pods-EGScoop-EGScoopTests/Pods-EGScoop-EGScoopTests-frameworks-${CONFIGURATION}-input-files.xcfilelist",
			);
			name = "[CP] Embed Pods Frameworks";
			outputFileListPaths = (
				"${PODS_ROOT}/Target Support Files/Pods-EGScoop-EGScoopTests/Pods-EGScoop-EGScoopTests-frameworks-${CONFIGURATION}-output-files.xcfilelist",
			);
			runOnlyForDeploymentPostprocessing = 0;
			shellPath = /bin/sh;
			shellScript = "\"${PODS_ROOT}/Target Support Files/Pods-EGScoop-EGScoopTests/Pods-EGScoop-EGScoopTests-frameworks.sh\"\n";
			showEnvVarsInLog = 0;
		};
		E235C05ADACE081382539298 /* [CP] Copy Pods Resources */ = {
			isa = PBXShellScriptBuildPhase;
			buildActionMask = 2147483647;
			files = (
			);
			inputFileListPaths = (
				"${PODS_ROOT}/Target Support Files/Pods-EGScoop/Pods-EGScoop-resources-${CONFIGURATION}-input-files.xcfilelist",
			);
			name = "[CP] Copy Pods Resources";
			outputFileListPaths = (
				"${PODS_ROOT}/Target Support Files/Pods-EGScoop/Pods-EGScoop-resources-${CONFIGURATION}-output-files.xcfilelist",
			);
			runOnlyForDeploymentPostprocessing = 0;
			shellPath = /bin/sh;
			shellScript = "\"${PODS_ROOT}/Target Support Files/Pods-EGScoop/Pods-EGScoop-resources.sh\"\n";
			showEnvVarsInLog = 0;
		};
		F6A41C54EA430FDDC6A6ED99 /* [CP] Copy Pods Resources */ = {
			isa = PBXShellScriptBuildPhase;
			buildActionMask = 2147483647;
			files = (
			);
			inputFileListPaths = (
				"${PODS_ROOT}/Target Support Files/Pods-EGScoop-EGScoopTests/Pods-EGScoop-EGScoopTests-resources-${CONFIGURATION}-input-files.xcfilelist",
			);
			name = "[CP] Copy Pods Resources";
			outputFileListPaths = (
				"${PODS_ROOT}/Target Support Files/Pods-EGScoop-EGScoopTests/Pods-EGScoop-EGScoopTests-resources-${CONFIGURATION}-output-files.xcfilelist",
			);
			runOnlyForDeploymentPostprocessing = 0;
			shellPath = /bin/sh;
			shellScript = "\"${PODS_ROOT}/Target Support Files/Pods-EGScoop-EGScoopTests/Pods-EGScoop-EGScoopTests-resources.sh\"\n";
			showEnvVarsInLog = 0;
		};
/* End PBXShellScriptBuildPhase section */

/* Begin PBXSourcesBuildPhase section */
		00E356EA1AD99517003FC87E /* Sources */ = {
			isa = PBXSourcesBuildPhase;
			buildActionMask = 2147483647;
			files = (
				00E356F31AD99517003FC87E /* EGScoopTests.m in Sources */,
			);
			runOnlyForDeploymentPostprocessing = 0;
		};
		13B07F871A680F5B00A75B9A /* Sources */ = {
			isa = PBXSourcesBuildPhase;
			buildActionMask = 2147483647;
			files = (
				13B07FBC1A68108700A75B9A /* AppDelegate.mm in Sources */,
				13B07FC11A68108700A75B9A /* main.m in Sources */,
			);
			runOnlyForDeploymentPostprocessing = 0;
		};
/* End PBXSourcesBuildPhase section */

/* Begin PBXTargetDependency section */
		00E356F51AD99517003FC87E /* PBXTargetDependency */ = {
			isa = PBXTargetDependency;
			target = 13B07F861A680F5B00A75B9A /* EGScoop */;
			targetProxy = 00E356F41AD99517003FC87E /* PBXContainerItemProxy */;
		};
/* End PBXTargetDependency section */

/* Begin XCBuildConfiguration section */
		00E356F61AD99517003FC87E /* Debug */ = {
			isa = XCBuildConfiguration;
			baseConfigurationReference = 5B7EB9410499542E8C5724F5 /* Pods-EGScoop-EGScoopTests.debug.xcconfig */;
			buildSettings = {
				BUNDLE_LOADER = "$(TEST_HOST)";
				GCC_PREPROCESSOR_DEFINITIONS = (
					"DEBUG=1",
					"$(inherited)",
				);
				INFOPLIST_FILE = EGScoopTests/Info.plist;
				IPHONEOS_DEPLOYMENT_TARGET = 13.4;
				LD_RUNPATH_SEARCH_PATHS = (
					"$(inherited)",
					"@executable_path/Frameworks",
					"@loader_path/Frameworks",
				);
				OTHER_LDFLAGS = (
					"-ObjC",
					"-lc++",
					"$(inherited)",
				);
				PRODUCT_BUNDLE_IDENTIFIER = "org.reactjs.native.example.$(PRODUCT_NAME:rfc1034identifier)";
				PRODUCT_NAME = "$(TARGET_NAME)";
				TEST_HOST = "$(BUILT_PRODUCTS_DIR)/EGScoop.app/EGScoop";
			};
			name = Debug;
		};
		00E356F71AD99517003FC87E /* Release */ = {
			isa = XCBuildConfiguration;
			baseConfigurationReference = 89C6BE57DB24E9ADA2F236DE /* Pods-EGScoop-EGScoopTests.release.xcconfig */;
			buildSettings = {
				BUNDLE_LOADER = "$(TEST_HOST)";
				COPY_PHASE_STRIP = NO;
				INFOPLIST_FILE = EGScoopTests/Info.plist;
				IPHONEOS_DEPLOYMENT_TARGET = 13.4;
				LD_RUNPATH_SEARCH_PATHS = (
					"$(inherited)",
					"@executable_path/Frameworks",
					"@loader_path/Frameworks",
				);
				OTHER_LDFLAGS = (
					"-ObjC",
					"-lc++",
					"$(inherited)",
				);
				PRODUCT_BUNDLE_IDENTIFIER = "org.reactjs.native.example.$(PRODUCT_NAME:rfc1034identifier)";
				PRODUCT_NAME = "$(TARGET_NAME)";
				TEST_HOST = "$(BUILT_PRODUCTS_DIR)/EGScoop.app/EGScoop";
			};
			name = Release;
		};
		13B07F941A680F5B00A75B9A /* Debug */ = {
			isa = XCBuildConfiguration;
			baseConfigurationReference = 3B4392A12AC88292D35C810B /* Pods-EGScoop.debug.xcconfig */;
			buildSettings = {
				ASSETCATALOG_COMPILER_APPICON_NAME = AppIcon;
				CLANG_ENABLE_MODULES = YES;
				CURRENT_PROJECT_VERSION = 1;
				ENABLE_BITCODE = NO;
				INFOPLIST_FILE = EGScoop/Info.plist;
				LD_RUNPATH_SEARCH_PATHS = (
					"$(inherited)",
					"@executable_path/Frameworks",
				);
				MARKETING_VERSION = 1.0;
				OTHER_LDFLAGS = (
					"$(inherited)",
					"-ObjC",
					"-lc++",
				);
				PRODUCT_BUNDLE_IDENTIFIER = "org.reactjs.native.example.$(PRODUCT_NAME:rfc1034identifier)";
				PRODUCT_NAME = EGScoop;
				SWIFT_OPTIMIZATION_LEVEL = "-Onone";
				SWIFT_VERSION = 5.0;
				VERSIONING_SYSTEM = "apple-generic";
			};
			name = Debug;
		};
		13B07F951A680F5B00A75B9A /* Release */ = {
			isa = XCBuildConfiguration;
			baseConfigurationReference = 5709B34CF0A7D63546082F79 /* Pods-EGScoop.release.xcconfig */;
			buildSettings = {
				ASSETCATALOG_COMPILER_APPICON_NAME = AppIcon;
				CLANG_ENABLE_MODULES = YES;
				CURRENT_PROJECT_VERSION = 1;
				INFOPLIST_FILE = EGScoop/Info.plist;
				LD_RUNPATH_SEARCH_PATHS = (
					"$(inherited)",
					"@executable_path/Frameworks",
				);
				MARKETING_VERSION = 1.0;
				OTHER_LDFLAGS = (
					"$(inherited)",
					"-ObjC",
					"-lc++",
				);
				PRODUCT_BUNDLE_IDENTIFIER = "org.reactjs.native.example.$(PRODUCT_NAME:rfc1034identifier)";
				PRODUCT_NAME = EGScoop;
				SWIFT_VERSION = 5.0;
				VERSIONING_SYSTEM = "apple-generic";
			};
			name = Release;
		};
		83CBBA201A601CBA00E9B192 /* Debug */ = {
			isa = XCBuildConfiguration;
			buildSettings = {
				ALWAYS_SEARCH_USER_PATHS = NO;
				CLANG_ANALYZER_LOCALIZABILITY_NONLOCALIZED = YES;
				CLANG_CXX_LANGUAGE_STANDARD = "c++20";
				CLANG_CXX_LIBRARY = "libc++";
				CLANG_ENABLE_MODULES = YES;
				CLANG_ENABLE_OBJC_ARC = YES;
				CLANG_WARN_BLOCK_CAPTURE_AUTORELEASING = YES;
				CLANG_WARN_BOOL_CONVERSION = YES;
				CLANG_WARN_COMMA = YES;
				CLANG_WARN_CONSTANT_CONVERSION = YES;
				CLANG_WARN_DEPRECATED_OBJC_IMPLEMENTATIONS = YES;
				CLANG_WARN_DIRECT_OBJC_ISA_USAGE = YES_ERROR;
				CLANG_WARN_EMPTY_BODY = YES;
				CLANG_WARN_ENUM_CONVERSION = YES;
				CLANG_WARN_INFINITE_RECURSION = YES;
				CLANG_WARN_INT_CONVERSION = YES;
				CLANG_WARN_NON_LITERAL_NULL_CONVERSION = YES;
				CLANG_WARN_OBJC_IMPLICIT_RETAIN_SELF = YES;
				CLANG_WARN_OBJC_LITERAL_CONVERSION = YES;
				CLANG_WARN_OBJC_ROOT_CLASS = YES_ERROR;
				CLANG_WARN_QUOTED_INCLUDE_IN_FRAMEWORK_HEADER = YES;
				CLANG_WARN_RANGE_LOOP_ANALYSIS = YES;
				CLANG_WARN_STRICT_PROTOTYPES = YES;
				CLANG_WARN_SUSPICIOUS_MOVE = YES;
				CLANG_WARN_UNREACHABLE_CODE = YES;
				CLANG_WARN__DUPLICATE_METHOD_MATCH = YES;
				"CODE_SIGN_IDENTITY[sdk=iphoneos*]" = "iPhone Developer";
				COPY_PHASE_STRIP = NO;
				ENABLE_STRICT_OBJC_MSGSEND = YES;
				ENABLE_TESTABILITY = YES;
				"EXCLUDED_ARCHS[sdk=iphonesimulator*]" = "";
				GCC_C_LANGUAGE_STANDARD = gnu99;
				GCC_DYNAMIC_NO_PIC = NO;
				GCC_NO_COMMON_BLOCKS = YES;
				GCC_OPTIMIZATION_LEVEL = 0;
				GCC_PREPROCESSOR_DEFINITIONS = (
					"DEBUG=1",
					"$(inherited)",
				);
				GCC_SYMBOLS_PRIVATE_EXTERN = NO;
				GCC_WARN_64_TO_32_BIT_CONVERSION = YES;
				GCC_WARN_ABOUT_RETURN_TYPE = YES_ERROR;
				GCC_WARN_UNDECLARED_SELECTOR = YES;
				GCC_WARN_UNINITIALIZED_AUTOS = YES_AGGRESSIVE;
				GCC_WARN_UNUSED_FUNCTION = YES;
				GCC_WARN_UNUSED_VARIABLE = YES;
				IPHONEOS_DEPLOYMENT_TARGET = 13.4;
				LD_RUNPATH_SEARCH_PATHS = (
					/usr/lib/swift,
					"$(inherited)",
				);
				LIBRARY_SEARCH_PATHS = (
					"\"$(SDKROOT)/usr/lib/swift\"",
					"\"$(TOOLCHAIN_DIR)/usr/lib/swift/$(PLATFORM_NAME)\"",
					"\"$(inherited)\"",
				);
				MTL_ENABLE_DEBUG_INFO = YES;
				ONLY_ACTIVE_ARCH = YES;
				OTHER_CPLUSPLUSFLAGS = (
					"$(OTHER_CFLAGS)",
					"-DFOLLY_NO_CONFIG",
					"-DFOLLY_MOBILE=1",
					"-DFOLLY_USE_LIBCPP=1",
					"-DFOLLY_CFG_NO_COROUTINES=1",
				);
				SDKROOT = iphoneos;
			};
			name = Debug;
		};
		83CBBA211A601CBA00E9B192 /* Release */ = {
			isa = XCBuildConfiguration;
			buildSettings = {
				ALWAYS_SEARCH_USER_PATHS = NO;
				CLANG_ANALYZER_LOCALIZABILITY_NONLOCALIZED = YES;
				CLANG_CXX_LANGUAGE_STANDARD = "c++20";
				CLANG_CXX_LIBRARY = "libc++";
				CLANG_ENABLE_MODULES = YES;
				CLANG_ENABLE_OBJC_ARC = YES;
				CLANG_WARN_BLOCK_CAPTURE_AUTORELEASING = YES;
				CLANG_WARN_BOOL_CONVERSION = YES;
				CLANG_WARN_COMMA = YES;
				CLANG_WARN_CONSTANT_CONVERSION = YES;
				CLANG_WARN_DEPRECATED_OBJC_IMPLEMENTATIONS = YES;
				CLANG_WARN_DIRECT_OBJC_ISA_USAGE = YES_ERROR;
				CLANG_WARN_EMPTY_BODY = YES;
				CLANG_WARN_ENUM_CONVERSION = YES;
				CLANG_WARN_INFINITE_RECURSION = YES;
				CLANG_WARN_INT_CONVERSION = YES;
				CLANG_WARN_NON_LITERAL_NULL_CONVERSION = YES;
				CLANG_WARN_OBJC_IMPLICIT_RETAIN_SELF = YES;
				CLANG_WARN_OBJC_LITERAL_CONVERSION = YES;
				CLANG_WARN_OBJC_ROOT_CLASS = YES_ERROR;
				CLANG_WARN_QUOTED_INCLUDE_IN_FRAMEWORK_HEADER = YES;
				CLANG_WARN_RANGE_LOOP_ANALYSIS = YES;
				CLANG_WARN_STRICT_PROTOTYPES = YES;
				CLANG_WARN_SUSPICIOUS_MOVE = YES;
				CLANG_WARN_UNREACHABLE_CODE = YES;
				CLANG_WARN__DUPLICATE_METHOD_MATCH = YES;
				"CODE_SIGN_IDENTITY[sdk=iphoneos*]" = "iPhone Developer";
				COPY_PHASE_STRIP = YES;
				ENABLE_NS_ASSERTIONS = NO;
				ENABLE_STRICT_OBJC_MSGSEND = YES;
				"EXCLUDED_ARCHS[sdk=iphonesimulator*]" = "";
				GCC_C_LANGUAGE_STANDARD = gnu99;
				GCC_NO_COMMON_BLOCKS = YES;
				GCC_WARN_64_TO_32_BIT_CONVERSION = YES;
				GCC_WARN_ABOUT_RETURN_TYPE = YES_ERROR;
				GCC_WARN_UNDECLARED_SELECTOR = YES;
				GCC_WARN_UNINITIALIZED_AUTOS = YES_AGGRESSIVE;
				GCC_WARN_UNUSED_FUNCTION = YES;
				GCC_WARN_UNUSED_VARIABLE = YES;
				IPHONEOS_DEPLOYMENT_TARGET = 13.4;
				LD_RUNPATH_SEARCH_PATHS = (
					/usr/lib/swift,
					"$(inherited)",
				);
				LIBRARY_SEARCH_PATHS = (
					"\"$(SDKROOT)/usr/lib/swift\"",
					"\"$(TOOLCHAIN_DIR)/usr/lib/swift/$(PLATFORM_NAME)\"",
					"\"$(inherited)\"",
				);
				MTL_ENABLE_DEBUG_INFO = NO;
				OTHER_CPLUSPLUSFLAGS = (
					"$(OTHER_CFLAGS)",
					"-DFOLLY_NO_CONFIG",
					"-DFOLLY_MOBILE=1",
					"-DFOLLY_USE_LIBCPP=1",
					"-DFOLLY_CFG_NO_COROUTINES=1",
				);
				SDKROOT = iphoneos;
				VALIDATE_PRODUCT = YES;
			};
			name = Release;
		};
/* End XCBuildConfiguration section */

/* Begin XCConfigurationList section */
		00E357021AD99517003FC87E /* Build configuration list for PBXNativeTarget "EGScoopTests" */ = {
			isa = XCConfigurationList;
			buildConfigurations = (
				00E356F61AD99517003FC87E /* Debug */,
				00E356F71AD99517003FC87E /* Release */,
			);
			defaultConfigurationIsVisible = 0;
			defaultConfigurationName = Release;
		};
		13B07F931A680F5B00A75B9A /* Build configuration list for PBXNativeTarget "EGScoop" */ = {
			isa = XCConfigurationList;
			buildConfigurations = (
				13B07F941A680F5B00A75B9A /* Debug */,
				13B07F951A680F5B00A75B9A /* Release */,
			);
			defaultConfigurationIsVisible = 0;
			defaultConfigurationName = Release;
		};
		83CBB9FA1A601CBA00E9B192 /* Build configuration list for PBXProject "EGScoop" */ = {
			isa = XCConfigurationList;
			buildConfigurations = (
				83CBBA201A601CBA00E9B192 /* Debug */,
				83CBBA211A601CBA00E9B192 /* Release */,
			);
			defaultConfigurationIsVisible = 0;
			defaultConfigurationName = Release;
		};
/* End XCConfigurationList section */
	};
	rootObject = 83CBB9F71A601CBA00E9B192 /* Project object */;
}
